Microsoft Visual Studio Solution File, Format Version 12.00
# Visual Studio Version 17
VisualStudioVersion = 17.5.2.0
MinimumVisualStudioVersion = 10.0.40219.1
Project("{FAE04EC0-301F-11D3-BF4B-00C04F79EFBC}") = "EldenRingSim", "EldenRingSim\EldenRingSim.csproj", "{F427919E-2B75-0794-2E4D-C8DFE6AE1C87}"
EndProject
Global
	GlobalSection(SolutionConfigurationPlatforms) = preSolution
		Debug|Any CPU = Debug|Any CPU
		Release|Any CPU = Release|Any CPU
	EndGlobalSection
	GlobalSection(ProjectConfigurationPlatforms) = postSolution
		{F427919E-2B75-0794-2E4D-C8DFE6AE1C87}.Debug|Any CPU.ActiveCfg = Debug|Any CPU
		{F427919E-2B75-0794-2E4D-C8DFE6AE1C87}.Debug|Any CPU.Build.0 = Debug|Any CPU
		{F427919E-2B75-0794-2E4D-C8DFE6AE1C87}.Release|Any CPU.ActiveCfg = Release|Any CPU
		{F427919E-2B75-0794-2E4D-C8DFE6AE1C87}.Release|Any CPU.Build.0 = Release|Any CPU
	EndGlobalSection
	GlobalSection(SolutionProperties) = preSolution
		HideSolutionNode = FALSE
	EndGlobalSection
	GlobalSection(ExtensibilityGlobals) = postSolution
		SolutionGuid = {DCF19B16-B1B0-4904-B3F8-94C5F9C21EA3}
	EndGlobalSection
EndGlobal
